
Microsoft Visual Studio Solution File, Format Version 11.00
# Visual Studio 2010
Project("{FAE04EC0-301F-11D3-BF4B-00C04F79EFBC}") = "Project1TestHarness", "Project1TestHarness\Project1TestHarness.csproj", "{5F79ED6D-9296-43B5-8AEE-237CBDAD45F5}"
EndProject
Global
	GlobalSection(SolutionConfigurationPlatforms) = preSolution
		Debug|x86 = Debug|x86
		Release|x86 = Release|x86
	EndGlobalSection
	GlobalSection(ProjectConfigurationPlatforms) = postSolution
		{5F79ED6D-9296-43B5-8AEE-237CBDAD45F5}.Debug|x86.ActiveCfg = Debug|x86
		{5F79ED6D-9296-43B5-8AEE-237CBDAD45F5}.Debug|x86.Build.0 = Debug|x86
		{5F79ED6D-9296-43B5-8AEE-237CBDAD45F5}.Release|x86.ActiveCfg = Release|x86
		{5F79ED6D-9296-43B5-8AEE-237CBDAD45F5}.Release|x86.Build.0 = Release|x86
	EndGlobalSection
	GlobalSection(SolutionProperties) = preSolution
		HideSolutionNode = FALSE
	EndGlobalSection
EndGlobal
